
Microsoft Visual Studio Solution File, Format Version 12.00
# Visual Studio 2013
VisualStudioVersion = 12.0.40629.0
MinimumVisualStudioVersion = 10.0.40219.1
Project("{FAE04EC0-301F-11D3-BF4B-00C04F79EFBC}") = "EmailReplyParser.Lib", "EmailReplyParser.Lib\EmailReplyParser.Lib.csproj", "{0040A44F-C72C-4AC2-90F7-78BDF0546A35}"
EndProject
Project("{FAE04EC0-301F-11D3-BF4B-00C04F79EFBC}") = "EmailReplyParser.Tests", "EmailReplyParser.Tests\EmailReplyParser.Tests.csproj", "{9199A396-7188-4FAD-A177-378BEE72BA83}"
EndProject
Global
	GlobalSection(SolutionConfigurationPlatforms) = preSolution
		Debug|Any CPU = Debug|Any CPU
		Release|Any CPU = Release|Any CPU
	EndGlobalSection
	GlobalSection(ProjectConfigurationPlatforms) = postSolution
		{0040A44F-C72C-4AC2-90F7-78BDF0546A35}.Debug|Any CPU.ActiveCfg = Debug|Any CPU
		{0040A44F-C72C-4AC2-90F7-78BDF0546A35}.Debug|Any CPU.Build.0 = Debug|Any CPU
		{0040A44F-C72C-4AC2-90F7-78BDF0546A35}.Release|Any CPU.ActiveCfg = Release|Any CPU
		{0040A44F-C72C-4AC2-90F7-78BDF0546A35}.Release|Any CPU.Build.0 = Release|Any CPU
		{9199A396-7188-4FAD-A177-378BEE72BA83}.Debug|Any CPU.ActiveCfg = Debug|Any CPU
		{9199A396-7188-4FAD-A177-378BEE72BA83}.Debug|Any CPU.Build.0 = Debug|Any CPU
		{9199A396-7188-4FAD-A177-378BEE72BA83}.Release|Any CPU.ActiveCfg = Release|Any CPU
		{9199A396-7188-4FAD-A177-378BEE72BA83}.Release|Any CPU.Build.0 = Release|Any CPU
	EndGlobalSection
	GlobalSection(SolutionProperties) = preSolution
		HideSolutionNode = FALSE
	EndGlobalSection
EndGlobal
